
Microsoft Visual Studio Solution File, Format Version 12.00
# Visual Studio Version 16
VisualStudioVersion = 16.0.30523.141
MinimumVisualStudioVersion = 10.0.40219.1
Project("{FAE04EC0-301F-11D3-BF4B-00C04F79EFBC}") = "yule", "yule\yule.csproj", "{0A7A40C7-6EA9-4F49-8388-ADD72A277608}"
EndProject
Global
	GlobalSection(SolutionConfigurationPlatforms) = preSolution
		Debug|Any CPU = Debug|Any CPU
		Release|Any CPU = Release|Any CPU
	EndGlobalSection
	GlobalSection(ProjectConfigurationPlatforms) = postSolution
		{0A7A40C7-6EA9-4F49-8388-ADD72A277608}.Debug|Any CPU.ActiveCfg = Debug|Any CPU
		{0A7A40C7-6EA9-4F49-8388-ADD72A277608}.Debug|Any CPU.Build.0 = Debug|Any CPU
		{0A7A40C7-6EA9-4F49-8388-ADD72A277608}.Release|Any CPU.ActiveCfg = Release|Any CPU
		{0A7A40C7-6EA9-4F49-8388-ADD72A277608}.Release|Any CPU.Build.0 = Release|Any CPU
	EndGlobalSection
	GlobalSection(SolutionProperties) = preSolution
		HideSolutionNode = FALSE
	EndGlobalSection
	GlobalSection(ExtensibilityGlobals) = postSolution
		SolutionGuid = {1001AC48-181A-4382-A83E-F5453544ED26}
	EndGlobalSection
EndGlobal
